// !$*UTF8*$!
{
	archiveVersion = 1;
	classes = {
	};
	objectVersion = 46;
	objects = {

/* Begin PBXBuildFile section */
		0A2B632315BE87C5009FACFD /* Logout.m in Sources */ = {isa = PBXBuildFile; fileRef = 0A2B632215BE87C5009FACFD /* Logout.m */; };
		0A2C774A15A6F40A00C91904 /* RecordTransactions.m in Sources */ = {isa = PBXBuildFile; fileRef = 0A2C774915A6F40A00C91904 /* RecordTransactions.m */; };
		0A7090EC158F835D00235DBE /* QuartzCore.framework in Frameworks */ = {isa = PBXBuildFile; fileRef = 0A7090EB158F835D00235DBE /* QuartzCore.framework */; };
		0A74CF7015A345BA00E9E20B /* libPayPalMPL.a in Frameworks */ = {isa = PBXBuildFile; fileRef = 0A74CF6415A345B700E9E20B /* libPayPalMPL.a */; };
		0A74CF7615A3479B00E9E20B /* PayButtonViewController.m in Sources */ = {isa = PBXBuildFile; fileRef = 0A74CF7315A3479A00E9E20B /* PayButtonViewController.m */; };
		0A74CF7715A3479B00E9E20B /* SuccessViewController.m in Sources */ = {isa = PBXBuildFile; fileRef = 0A74CF7515A3479B00E9E20B /* SuccessViewController.m */; };
		0A74CF7915A34EB400E9E20B /* SystemConfiguration.framework in Frameworks */ = {isa = PBXBuildFile; fileRef = 0A74CF7815A34EB400E9E20B /* SystemConfiguration.framework */; };
		0A74CF7B15A34EF500E9E20B /* AddressBook.framework in Frameworks */ = {isa = PBXBuildFile; fileRef = 0A74CF7A15A34EF500E9E20B /* AddressBook.framework */; };
		0A74CF7D15A34F3100E9E20B /* Security.framework in Frameworks */ = {isa = PBXBuildFile; fileRef = 0A74CF7C15A34F3100E9E20B /* Security.framework */; };
		0A74CF7F15A34F8000E9E20B /* libxml2.dylib in Frameworks */ = {isa = PBXBuildFile; fileRef = 0A74CF7E15A34F8000E9E20B /* libxml2.dylib */; };
		0A74CF8115A34FA000E9E20B /* libz.dylib in Frameworks */ = {isa = PBXBuildFile; fileRef = 0A74CF8015A34FA000E9E20B /* libz.dylib */; };
		0AA4E44815A176B200A538FF /* Icon-Small.png in Resources */ = {isa = PBXBuildFile; fileRef = 0AA4E44715A176B200A538FF /* Icon-Small.png */; };
		0AA4E44A15A176BA00A538FF /* Icon-Small@2x.png in Resources */ = {isa = PBXBuildFile; fileRef = 0AA4E44915A176BA00A538FF /* Icon-Small@2x.png */; };
		0AA5C382159DD077001318BA /* GrabberTwo.m in Sources */ = {isa = PBXBuildFile; fileRef = 0AA5C381159DD077001318BA /* GrabberTwo.m */; };
		0AA6434E15905DA8007F8664 /* male_avatar.png in Resources */ = {isa = PBXBuildFile; fileRef = 0AA6434D15905DA8007F8664 /* male_avatar.png */; };
		0AB115B21599ED4B002AC7E6 /* NSString+InflectionSupport.m in Sources */ = {isa = PBXBuildFile; fileRef = 0AB1159F1599ED4B002AC7E6 /* NSString+InflectionSupport.m */; };
		0AB115B61599ED4B002AC7E6 /* ObjectiveResourceDateFormatter.m in Sources */ = {isa = PBXBuildFile; fileRef = 0AB115A71599ED4B002AC7E6 /* ObjectiveResourceDateFormatter.m */; };
		0AB115B71599ED4B002AC7E6 /* NSDate+Serialize.m in Sources */ = {isa = PBXBuildFile; fileRef = 0AB115AA1599ED4B002AC7E6 /* NSDate+Serialize.m */; };
		0AB115B81599ED4B002AC7E6 /* NSDictionary+KeyTranslation.m in Sources */ = {isa = PBXBuildFile; fileRef = 0AB115AC1599ED4B002AC7E6 /* NSDictionary+KeyTranslation.m */; };
		0AB115B91599ED4B002AC7E6 /* NSObject+Serialize.m in Sources */ = {isa = PBXBuildFile; fileRef = 0AB115AE1599ED4B002AC7E6 /* NSObject+Serialize.m */; };
		0AB115BA1599ED4B002AC7E6 /* NSString+Serialize.m in Sources */ = {isa = PBXBuildFile; fileRef = 0AB115B01599ED4B002AC7E6 /* NSString+Serialize.m */; };
		0AC3240A159C34DA003E2B35 /* LoginGrabber.m in Sources */ = {isa = PBXBuildFile; fileRef = 0AC32409159C34DA003E2B35 /* LoginGrabber.m */; };
		1D3623260D0F684500981E51 /* MicrolendingAppDelegate.m in Sources */ = {isa = PBXBuildFile; fileRef = 1D3623250D0F684500981E51 /* MicrolendingAppDelegate.m */; };
		1D60589B0D05DD56006BFB54 /* main.m in Sources */ = {isa = PBXBuildFile; fileRef = 29B97316FDCFA39411CA2CEA /* main.m */; };
		1D60589F0D05DD5A006BFB54 /* Foundation.framework in Frameworks */ = {isa = PBXBuildFile; fileRef = 1D30AB110D05D00D00671497 /* Foundation.framework */; };
		1DF5F4E00D08C38300B7A737 /* UIKit.framework in Frameworks */ = {isa = PBXBuildFile; fileRef = 1DF5F4DF0D08C38300B7A737 /* UIKit.framework */; };
		288765FD0DF74451002DB57D /* CoreGraphics.framework in Frameworks */ = {isa = PBXBuildFile; fileRef = 288765FC0DF74451002DB57D /* CoreGraphics.framework */; };
		28AD733F0D9D9553002E5188 /* MainWindow.xib in Resources */ = {isa = PBXBuildFile; fileRef = 28AD733E0D9D9553002E5188 /* MainWindow.xib */; };
		3107B7A2161761DF00F61B50 /* agricultureicon.png in Resources */ = {isa = PBXBuildFile; fileRef = 3107B7A1161761DF00F61B50 /* agricultureicon.png */; };
		3107B7A81617620000F61B50 /* green.png in Resources */ = {isa = PBXBuildFile; fileRef = 3107B7A41617620000F61B50 /* green.png */; };
		3107B7A91617620000F61B50 /* handmadeicon.png in Resources */ = {isa = PBXBuildFile; fileRef = 3107B7A51617620000F61B50 /* handmadeicon.png */; };
		3107B7AA1617620000F61B50 /* healthicon.png in Resources */ = {isa = PBXBuildFile; fileRef = 3107B7A61617620000F61B50 /* healthicon.png */; };
		3107B7AB1617620000F61B50 /* Icon.png in Resources */ = {isa = PBXBuildFile; fileRef = 3107B7A71617620000F61B50 /* Icon.png */; };
		3107B7B01617621900F61B50 /* KeychainItemWrapper.m in Sources */ = {isa = PBXBuildFile; fileRef = 3107B7AD1617621900F61B50 /* KeychainItemWrapper.m */; };
		3107B7B11617621900F61B50 /* loginbackground.jpg in Resources */ = {isa = PBXBuildFile; fileRef = 3107B7AE1617621900F61B50 /* loginbackground.jpg */; };
		3107B7B21617621900F61B50 /* master.png in Resources */ = {isa = PBXBuildFile; fileRef = 3107B7AF1617621900F61B50 /* master.png */; };
		3107B7B71617624600F61B50 /* orange.png in Resources */ = {isa = PBXBuildFile; fileRef = 3107B7B31617624600F61B50 /* orange.png */; };
		3107B7B81617624600F61B50 /* red.png in Resources */ = {isa = PBXBuildFile; fileRef = 3107B7B41617624600F61B50 /* red.png */; };
		3107B7B91617624600F61B50 /* yellow.png in Resources */ = {isa = PBXBuildFile; fileRef = 3107B7B51617624600F61B50 /* yellow.png */; };
		3107B7BA1617624600F61B50 /* zabiasharaicon.png in Resources */ = {isa = PBXBuildFile; fileRef = 3107B7B61617624600F61B50 /* zabiasharaicon.png */; };
		3107B7BC161762E200F61B50 /* Icon@2x.png in Resources */ = {isa = PBXBuildFile; fileRef = 3107B7BB161762E200F61B50 /* Icon@2x.png */; };
		3107B8031617809B00F61B50 /* GameViewController.m in Sources */ = {isa = PBXBuildFile; fileRef = 3107B8011617809B00F61B50 /* GameViewController.m */; };
		3107B8041617809B00F61B50 /* GameViewController.xib in Resources */ = {isa = PBXBuildFile; fileRef = 3107B8021617809B00F61B50 /* GameViewController.xib */; };
		3191F7CF161E864F005EEF4A /* Furniture.m in Sources */ = {isa = PBXBuildFile; fileRef = 3191F7CE161E864F005EEF4A /* Furniture.m */; };
		31C3FBE3145E3CAC00688CE7 /* Grabber.m in Sources */ = {isa = PBXBuildFile; fileRef = 31C3FBE2145E3CAC00688CE7 /* Grabber.m */; };
		31CB22A21617975A005C97D5 /* gaia.jpg in Resources */ = {isa = PBXBuildFile; fileRef = 31CB22A11617975A005C97D5 /* gaia.jpg */; };
		31CB22A516179B8A005C97D5 /* Citadel.m in Sources */ = {isa = PBXBuildFile; fileRef = 31CB22A416179B8A005C97D5 /* Citadel.m */; };
		31CB22A81617A102005C97D5 /* Floor.m in Sources */ = {isa = PBXBuildFile; fileRef = 31CB22A71617A102005C97D5 /* Floor.m */; };
		31CB22AD1617A307005C97D5 /* CoreData.framework in Frameworks */ = {isa = PBXBuildFile; fileRef = 31CB22AC1617A306005C97D5 /* CoreData.framework */; };
		31CB22B9161B883D005C97D5 /* FloorViewController.m in Sources */ = {isa = PBXBuildFile; fileRef = 31CB22B7161B883D005C97D5 /* FloorViewController.m */; };
		31CB22BA161B883D005C97D5 /* FloorViewController.xib in Resources */ = {isa = PBXBuildFile; fileRef = 31CB22B8161B883D005C97D5 /* FloorViewController.xib */; };
		31CB22BE161BCF8C005C97D5 /* SingleFloor.m in Sources */ = {isa = PBXBuildFile; fileRef = 31CB22BD161BCF8B005C97D5 /* SingleFloor.m */; };
		31D13658145E360E00DD3A43 /* CollageViewController.xib in Resources */ = {isa = PBXBuildFile; fileRef = 31D13656145E360E00DD3A43 /* CollageViewController.xib */; };
		488A48AB145CABB900225D47 /* api.rtf in Resources */ = {isa = PBXBuildFile; fileRef = 488A48AA145CABB900225D47 /* api.rtf */; };
		CD2DF6251479B53700884EA0 /* lender.png in Resources */ = {isa = PBXBuildFile; fileRef = CD2DF6241479B53700884EA0 /* lender.png */; };
		CD2E134614736E5B000A83FE /* PatchButton.m in Sources */ = {isa = PBXBuildFile; fileRef = CD2E134514736E5B000A83FE /* PatchButton.m */; };
		CD308A68144E2C32000A44C8 /* Lender.m in Sources */ = {isa = PBXBuildFile; fileRef = CD308A67144E2C32000A44C8 /* Lender.m */; };
		CD308A8B144E3916000A44C8 /* ProfileViewController.m in Sources */ = {isa = PBXBuildFile; fileRef = CD308A89144E3916000A44C8 /* ProfileViewController.m */; };
		CD308A8C144E3916000A44C8 /* ProfileViewController.xib in Resources */ = {isa = PBXBuildFile; fileRef = CD308A8A144E3916000A44C8 /* ProfileViewController.xib */; };
		CD308AEB144E4EB3000A44C8 /* LoginViewController.m in Sources */ = {isa = PBXBuildFile; fileRef = CD308AE9144E4EB3000A44C8 /* LoginViewController.m */; };
		CD308AEC144E4EB3000A44C8 /* LoginViewController.xib in Resources */ = {isa = PBXBuildFile; fileRef = CD308AEA144E4EB3000A44C8 /* LoginViewController.xib */; };
		CD308B66144E566B000A44C8 /* BadgeViewController.m in Sources */ = {isa = PBXBuildFile; fileRef = CD308B64144E566B000A44C8 /* BadgeViewController.m */; };
		CD308B67144E566B000A44C8 /* BadgeViewController.xib in Resources */ = {isa = PBXBuildFile; fileRef = CD308B65144E566B000A44C8 /* BadgeViewController.xib */; };
		CD308BB0144E5FB0000A44C8 /* icon_blog.png in Resources */ = {isa = PBXBuildFile; fileRef = CD308BAB144E5FB0000A44C8 /* icon_blog.png */; };
		CD308BB1144E5FB0000A44C8 /* icon_box_mail.png in Resources */ = {isa = PBXBuildFile; fileRef = CD308BAC144E5FB0000A44C8 /* icon_box_mail.png */; };
		CD308BB2144E5FB0000A44C8 /* icon_credit_card.png in Resources */ = {isa = PBXBuildFile; fileRef = CD308BAD144E5FB0000A44C8 /* icon_credit_card.png */; };
		CD308BB3144E5FB0000A44C8 /* icon_hat.png in Resources */ = {isa = PBXBuildFile; fileRef = CD308BAE144E5FB0000A44C8 /* icon_hat.png */; };
		CD308BB4144E5FB0000A44C8 /* icon_user.png in Resources */ = {isa = PBXBuildFile; fileRef = CD308BAF144E5FB0000A44C8 /* icon_user.png */; };
		CD308BDC144E62A6000A44C8 /* Borrower.m in Sources */ = {isa = PBXBuildFile; fileRef = CD308BDB144E62A6000A44C8 /* Borrower.m */; };
		CD308C1B144E6F3E000A44C8 /* MPViewController.m in Sources */ = {isa = PBXBuildFile; fileRef = CD308C19144E6F3E000A44C8 /* MPViewController.m */; };
		CD308C1C144E6F3E000A44C8 /* MPViewController.xib in Resources */ = {isa = PBXBuildFile; fileRef = CD308C1A144E6F3E000A44C8 /* MPViewController.xib */; };
		CD308C43144E72B1000A44C8 /* BorrowerSingleViewController.m in Sources */ = {isa = PBXBuildFile; fileRef = CD308C41144E72B1000A44C8 /* BorrowerSingleViewController.m */; };
		CD308C6E144E7C47000A44C8 /* InvestmentTableViewController.m in Sources */ = {isa = PBXBuildFile; fileRef = CD308C6C144E7C47000A44C8 /* InvestmentTableViewController.m */; };
		CD308C6F144E7C47000A44C8 /* InvestmentTableViewController.xib in Resources */ = {isa = PBXBuildFile; fileRef = CD308C6D144E7C47000A44C8 /* InvestmentTableViewController.xib */; };
		CD308C82144E7D8F000A44C8 /* BorrowerSingleViewController.xib in Resources */ = {isa = PBXBuildFile; fileRef = CD308C81144E7D8F000A44C8 /* BorrowerSingleViewController.xib */; };
		CD3950511471D8F00003691C /* borrower.png in Resources */ = {isa = PBXBuildFile; fileRef = CD3950501471D8F00003691C /* borrower.png */; };
		CD3950551471D9D20003691C /* badge.png in Resources */ = {isa = PBXBuildFile; fileRef = CD3950541471D9D20003691C /* badge.png */; };
		CD67FBEA143BD2B8006E0CC8 /* NSObject+SBJson.m in Sources */ = {isa = PBXBuildFile; fileRef = CD67FBD2143BD2B8006E0CC8 /* NSObject+SBJson.m */; };
		CD67FBEB143BD2B8006E0CC8 /* SBJsonParser.m in Sources */ = {isa = PBXBuildFile; fileRef = CD67FBD5143BD2B8006E0CC8 /* SBJsonParser.m */; };
		CD67FBEC143BD2B8006E0CC8 /* SBJsonStreamParser.m in Sources */ = {isa = PBXBuildFile; fileRef = CD67FBD7143BD2B8006E0CC8 /* SBJsonStreamParser.m */; };
		CD67FBED143BD2B8006E0CC8 /* SBJsonStreamParserAccumulator.m in Sources */ = {isa = PBXBuildFile; fileRef = CD67FBD9143BD2B8006E0CC8 /* SBJsonStreamParserAccumulator.m */; };
		CD67FBEE143BD2B8006E0CC8 /* SBJsonStreamParserAdapter.m in Sources */ = {isa = PBXBuildFile; fileRef = CD67FBDB143BD2B8006E0CC8 /* SBJsonStreamParserAdapter.m */; };
		CD67FBEF143BD2B8006E0CC8 /* SBJsonStreamParserState.m in Sources */ = {isa = PBXBuildFile; fileRef = CD67FBDD143BD2B8006E0CC8 /* SBJsonStreamParserState.m */; };
		CD67FBF0143BD2B8006E0CC8 /* SBJsonStreamWriter.m in Sources */ = {isa = PBXBuildFile; fileRef = CD67FBDF143BD2B8006E0CC8 /* SBJsonStreamWriter.m */; };
		CD67FBF1143BD2B8006E0CC8 /* SBJsonStreamWriterAccumulator.m in Sources */ = {isa = PBXBuildFile; fileRef = CD67FBE1143BD2B8006E0CC8 /* SBJsonStreamWriterAccumulator.m */; };
		CD67FBF2143BD2B8006E0CC8 /* SBJsonStreamWriterState.m in Sources */ = {isa = PBXBuildFile; fileRef = CD67FBE3143BD2B8006E0CC8 /* SBJsonStreamWriterState.m */; };
		CD67FBF3143BD2B8006E0CC8 /* SBJsonTokeniser.m in Sources */ = {isa = PBXBuildFile; fileRef = CD67FBE5143BD2B8006E0CC8 /* SBJsonTokeniser.m */; };
		CD67FBF4143BD2B8006E0CC8 /* SBJsonUTF8Stream.m in Sources */ = {isa = PBXBuildFile; fileRef = CD67FBE7143BD2B8006E0CC8 /* SBJsonUTF8Stream.m */; };
		CD67FBF5143BD2B8006E0CC8 /* SBJsonWriter.m in Sources */ = {isa = PBXBuildFile; fileRef = CD67FBE9143BD2B8006E0CC8 /* SBJsonWriter.m */; };
		CD85849B145F9FA300EA8DF5 /* MicroLending.png in Resources */ = {isa = PBXBuildFile; fileRef = CD85849A145F9FA300EA8DF5 /* MicroLending.png */; };
		CDB3E17A14635E010047108F /* CustomNavBar.m in Sources */ = {isa = PBXBuildFile; fileRef = CDB3E17914635E010047108F /* CustomNavBar.m */; };
		CDB3E1831463614B0047108F /* NavBarImage.png in Resources */ = {isa = PBXBuildFile; fileRef = CDB3E1821463614B0047108F /* NavBarImage.png */; };
		CDB50496146B322500F15B88 /* blueprint.jpg in Resources */ = {isa = PBXBuildFile; fileRef = CDB50495146B322500F15B88 /* blueprint.jpg */; };
		CDBCCFE6147349E40028EE9A /* DecisionViewController.m in Sources */ = {isa = PBXBuildFile; fileRef = CDBCCFE4147349E40028EE9A /* DecisionViewController.m */; };
		CDBE13D51475BF5200F12B3C /* MyBadgesTableViewController.m in Sources */ = {isa = PBXBuildFile; fileRef = CDBE13D41475BF5200F12B3C /* MyBadgesTableViewController.m */; };
		CDBE97051472059000A4D8DB /* canvas.jpg in Resources */ = {isa = PBXBuildFile; fileRef = CDBE97041472059000A4D8DB /* canvas.jpg */; };
		CDBE97471472114800A4D8DB /* SingleBadgeViewController.m in Sources */ = {isa = PBXBuildFile; fileRef = CDBE97451472114800A4D8DB /* SingleBadgeViewController.m */; };
		CDBE97481472114800A4D8DB /* SingleBadgeViewController.xib in Resources */ = {isa = PBXBuildFile; fileRef = CDBE97461472114800A4D8DB /* SingleBadgeViewController.xib */; };
		CDBF7A361474562900C408C8 /* quilt.png in Resources */ = {isa = PBXBuildFile; fileRef = CDBF7A351474562900C408C8 /* quilt.png */; };
		CDBF7A8E14746B5200C408C8 /* MessageUI.framework in Frameworks */ = {isa = PBXBuildFile; fileRef = CDBF7A8D14746B5200C408C8 /* MessageUI.framework */; };
		CDC3D6B11460748E00360097 /* Sender.m in Sources */ = {isa = PBXBuildFile; fileRef = CDC3D6B01460748E00360097 /* Sender.m */; };
		CDDEA25014678F1900A387B1 /* mpbackground.jpg in Resources */ = {isa = PBXBuildFile; fileRef = CDDEA24F14678F1900A387B1 /* mpbackground.jpg */; };
		CDDEA2881468809100A387B1 /* whiteButton4.png in Resources */ = {isa = PBXBuildFile; fileRef = CDDEA2871468809100A387B1 /* whiteButton4.png */; };
		CDDEA2B7146887DD00A387B1 /* Transaction.m in Sources */ = {isa = PBXBuildFile; fileRef = CDDEA2B6146887DD00A387B1 /* Transaction.m */; };
		CDDEA33A1469FBE200A387B1 /* LeaderboardViewController.m in Sources */ = {isa = PBXBuildFile; fileRef = CDDEA3381469FBE200A387B1 /* LeaderboardViewController.m */; };
		CDDEA33B1469FBE200A387B1 /* LeaderboardViewController.xib in Resources */ = {isa = PBXBuildFile; fileRef = CDDEA3391469FBE200A387B1 /* LeaderboardViewController.xib */; };
		CDE418351460E14C00FD1B8D /* Badge.m in Sources */ = {isa = PBXBuildFile; fileRef = CDE418341460E14C00FD1B8D /* Badge.m */; };
		CDE41966146100AA00FD1B8D /* CollageViewController.m in Sources */ = {isa = PBXBuildFile; fileRef = CDE41965146100AA00FD1B8D /* CollageViewController.m */; };
		CDF6DBF814676FCE00A9030D /* topbar.png in Resources */ = {isa = PBXBuildFile; fileRef = CDF6DBF714676FCE00A9030D /* topbar.png */; };
		CDF6DC0C1467721600A9030D /* MPCategoryPage.m in Sources */ = {isa = PBXBuildFile; fileRef = CDF6DC0A1467721600A9030D /* MPCategoryPage.m */; };
		CDF6DC0D1467721600A9030D /* MPCategoryPage.xib in Resources */ = {isa = PBXBuildFile; fileRef = CDF6DC0B1467721600A9030D /* MPCategoryPage.xib */; };
		CDF6DC231467726800A9030D /* Background.jpg in Resources */ = {isa = PBXBuildFile; fileRef = CDF6DC221467726800A9030D /* Background.jpg */; };
/* End PBXBuildFile section */

/* Begin PBXFileReference section */
		0A2B632115BE87C5009FACFD /* Logout.h */ = {isa = PBXFileReference; fileEncoding = 4; lastKnownFileType = sourcecode.c.h; path = Logout.h; sourceTree = "<group>"; };
		0A2B632215BE87C5009FACFD /* Logout.m */ = {isa = PBXFileReference; fileEncoding = 4; lastKnownFileType = sourcecode.c.objc; lineEnding = 0; path = Logout.m; sourceTree = "<group>"; xcLanguageSpecificationIdentifier = xcode.lang.objc; };
		0A2C774815A6F40A00C91904 /* RecordTransactions.h */ = {isa = PBXFileReference; fileEncoding = 4; lastKnownFileType = sourcecode.c.h; path = RecordTransactions.h; sourceTree = "<group>"; };
		0A2C774915A6F40A00C91904 /* RecordTransactions.m */ = {isa = PBXFileReference; fileEncoding = 4; lastKnownFileType = sourcecode.c.objc; path = RecordTransactions.m; sourceTree = "<group>"; };
		0A7090EB158F835D00235DBE /* QuartzCore.framework */ = {isa = PBXFileReference; lastKnownFileType = wrapper.framework; name = QuartzCore.framework; path = System/Library/Frameworks/QuartzCore.framework; sourceTree = SDKROOT; };
		0A74CF6415A345B700E9E20B /* libPayPalMPL.a */ = {isa = PBXFileReference; lastKnownFileType = archive.ar; path = libPayPalMPL.a; sourceTree = "<group>"; };
		0A74CF6515A345B800E9E20B /* PayPal.h */ = {isa = PBXFileReference; fileEncoding = 4; lastKnownFileType = sourcecode.c.h; path = PayPal.h; sourceTree = "<group>"; };
		0A74CF6615A345B800E9E20B /* PayPalAddress.h */ = {isa = PBXFileReference; fileEncoding = 4; lastKnownFileType = sourcecode.c.h; path = PayPalAddress.h; sourceTree = "<group>"; };
		0A74CF6715A345B800E9E20B /* PayPalAdvancedPayment.h */ = {isa = PBXFileReference; fileEncoding = 4; lastKnownFileType = sourcecode.c.h; path = PayPalAdvancedPayment.h; sourceTree = "<group>"; };
		0A74CF6815A345B800E9E20B /* PayPalAmounts.h */ = {isa = PBXFileReference; fileEncoding = 4; lastKnownFileType = sourcecode.c.h; path = PayPalAmounts.h; sourceTree = "<group>"; };
		0A74CF6915A345B900E9E20B /* PayPalContext.h */ = {isa = PBXFileReference; fileEncoding = 4; lastKnownFileType = sourcecode.c.h; path = PayPalContext.h; sourceTree = "<group>"; };
		0A74CF6A15A345B900E9E20B /* PayPalInvoiceData.h */ = {isa = PBXFileReference; fileEncoding = 4; lastKnownFileType = sourcecode.c.h; path = PayPalInvoiceData.h; sourceTree = "<group>"; };
		0A74CF6B15A345B900E9E20B /* PayPalInvoiceItem.h */ = {isa = PBXFileReference; fileEncoding = 4; lastKnownFileType = sourcecode.c.h; path = PayPalInvoiceItem.h; sourceTree = "<group>"; };
		0A74CF6C15A345B900E9E20B /* PayPalPayment.h */ = {isa = PBXFileReference; fileEncoding = 4; lastKnownFileType = sourcecode.c.h; path = PayPalPayment.h; sourceTree = "<group>"; };
		0A74CF6D15A345B900E9E20B /* PayPalPreapprovalDetails.h */ = {isa = PBXFileReference; fileEncoding = 4; lastKnownFileType = sourcecode.c.h; path = PayPalPreapprovalDetails.h; sourceTree = "<group>"; };
		0A74CF6E15A345B900E9E20B /* PayPalReceiverAmounts.h */ = {isa = PBXFileReference; fileEncoding = 4; lastKnownFileType = sourcecode.c.h; path = PayPalReceiverAmounts.h; sourceTree = "<group>"; };
		0A74CF6F15A345BA00E9E20B /* PayPalReceiverPaymentDetails.h */ = {isa = PBXFileReference; fileEncoding = 4; lastKnownFileType = sourcecode.c.h; path = PayPalReceiverPaymentDetails.h; sourceTree = "<group>"; };
		0A74CF7215A3479A00E9E20B /* PayButtonViewController.h */ = {isa = PBXFileReference; fileEncoding = 4; lastKnownFileType = sourcecode.c.h; path = PayButtonViewController.h; sourceTree = "<group>"; };
		0A74CF7315A3479A00E9E20B /* PayButtonViewController.m */ = {isa = PBXFileReference; fileEncoding = 4; lastKnownFileType = sourcecode.c.objc; lineEnding = 0; path = PayButtonViewController.m; sourceTree = "<group>"; xcLanguageSpecificationIdentifier = xcode.lang.objc; };
		0A74CF7415A3479A00E9E20B /* SuccessViewController.h */ = {isa = PBXFileReference; fileEncoding = 4; lastKnownFileType = sourcecode.c.h; path = SuccessViewController.h; sourceTree = "<group>"; };
		0A74CF7515A3479B00E9E20B /* SuccessViewController.m */ = {isa = PBXFileReference; fileEncoding = 4; lastKnownFileType = sourcecode.c.objc; path = SuccessViewController.m; sourceTree = "<group>"; };
		0A74CF7815A34EB400E9E20B /* SystemConfiguration.framework */ = {isa = PBXFileReference; lastKnownFileType = wrapper.framework; name = SystemConfiguration.framework; path = System/Library/Frameworks/SystemConfiguration.framework; sourceTree = SDKROOT; };
		0A74CF7A15A34EF500E9E20B /* AddressBook.framework */ = {isa = PBXFileReference; lastKnownFileType = wrapper.framework; name = AddressBook.framework; path = System/Library/Frameworks/AddressBook.framework; sourceTree = SDKROOT; };
		0A74CF7C15A34F3100E9E20B /* Security.framework */ = {isa = PBXFileReference; lastKnownFileType = wrapper.framework; name = Security.framework; path = System/Library/Frameworks/Security.framework; sourceTree = SDKROOT; };
		0A74CF7E15A34F8000E9E20B /* libxml2.dylib */ = {isa = PBXFileReference; lastKnownFileType = "compiled.mach-o.dylib"; name = libxml2.dylib; path = usr/lib/libxml2.dylib; sourceTree = SDKROOT; };
		0A74CF8015A34FA000E9E20B /* libz.dylib */ = {isa = PBXFileReference; lastKnownFileType = "compiled.mach-o.dylib"; name = libz.dylib; path = usr/lib/libz.dylib; sourceTree = SDKROOT; };
		0AA4E44715A176B200A538FF /* Icon-Small.png */ = {isa = PBXFileReference; lastKnownFileType = image.png; path = "Icon-Small.png"; sourceTree = "<group>"; };
		0AA4E44915A176BA00A538FF /* Icon-Small@2x.png */ = {isa = PBXFileReference; lastKnownFileType = image.png; path = "Icon-Small@2x.png"; sourceTree = "<group>"; };
		0AA5C380159DD077001318BA /* GrabberTwo.h */ = {isa = PBXFileReference; fileEncoding = 4; lastKnownFileType = sourcecode.c.h; path = GrabberTwo.h; sourceTree = "<group>"; };
		0AA5C381159DD077001318BA /* GrabberTwo.m */ = {isa = PBXFileReference; fileEncoding = 4; lastKnownFileType = sourcecode.c.objc; lineEnding = 0; path = GrabberTwo.m; sourceTree = "<group>"; xcLanguageSpecificationIdentifier = xcode.lang.objc; };
		0AA6434D15905DA8007F8664 /* male_avatar.png */ = {isa = PBXFileReference; lastKnownFileType = image.png; path = male_avatar.png; sourceTree = "<group>"; };
		0AAAB46B15A5AF35006680C0 /* StoreKit.framework */ = {isa = PBXFileReference; lastKnownFileType = wrapper.framework; name = StoreKit.framework; path = System/Library/Frameworks/StoreKit.framework; sourceTree = SDKROOT; };
		0AB1159D1599ED4B002AC7E6 /* CoreSupport.h */ = {isa = PBXFileReference; fileEncoding = 4; lastKnownFileType = sourcecode.c.h; path = CoreSupport.h; sourceTree = "<group>"; };
		0AB1159E1599ED4B002AC7E6 /* NSString+InflectionSupport.h */ = {isa = PBXFileReference; fileEncoding = 4; lastKnownFileType = sourcecode.c.h; path = "NSString+InflectionSupport.h"; sourceTree = "<group>"; };
		0AB1159F1599ED4B002AC7E6 /* NSString+InflectionSupport.m */ = {isa = PBXFileReference; fileEncoding = 4; lastKnownFileType = sourcecode.c.objc; path = "NSString+InflectionSupport.m"; sourceTree = "<group>"; };
		0AB115A61599ED4B002AC7E6 /* ObjectiveResourceDateFormatter.h */ = {isa = PBXFileReference; fileEncoding = 4; lastKnownFileType = sourcecode.c.h; path = ObjectiveResourceDateFormatter.h; sourceTree = "<group>"; };
		0AB115A71599ED4B002AC7E6 /* ObjectiveResourceDateFormatter.m */ = {isa = PBXFileReference; fileEncoding = 4; lastKnownFileType = sourcecode.c.objc; path = ObjectiveResourceDateFormatter.m; sourceTree = "<group>"; };
		0AB115A81599ED4B002AC7E6 /* ObjectiveSupport.h */ = {isa = PBXFileReference; fileEncoding = 4; lastKnownFileType = sourcecode.c.h; path = ObjectiveSupport.h; sourceTree = "<group>"; };
		0AB115A91599ED4B002AC7E6 /* NSDate+Serialize.h */ = {isa = PBXFileReference; fileEncoding = 4; lastKnownFileType = sourcecode.c.h; path = "NSDate+Serialize.h"; sourceTree = "<group>"; };
		0AB115AA1599ED4B002AC7E6 /* NSDate+Serialize.m */ = {isa = PBXFileReference; fileEncoding = 4; lastKnownFileType = sourcecode.c.objc; path = "NSDate+Serialize.m"; sourceTree = "<group>"; };
		0AB115AB1599ED4B002AC7E6 /* NSDictionary+KeyTranslation.h */ = {isa = PBXFileReference; fileEncoding = 4; lastKnownFileType = sourcecode.c.h; path = "NSDictionary+KeyTranslation.h"; sourceTree = "<group>"; };
		0AB115AC1599ED4B002AC7E6 /* NSDictionary+KeyTranslation.m */ = {isa = PBXFileReference; fileEncoding = 4; lastKnownFileType = sourcecode.c.objc; path = "NSDictionary+KeyTranslation.m"; sourceTree = "<group>"; };
		0AB115AD1599ED4B002AC7E6 /* NSObject+Serialize.h */ = {isa = PBXFileReference; fileEncoding = 4; lastKnownFileType = sourcecode.c.h; path = "NSObject+Serialize.h"; sourceTree = "<group>"; };
		0AB115AE1599ED4B002AC7E6 /* NSObject+Serialize.m */ = {isa = PBXFileReference; fileEncoding = 4; lastKnownFileType = sourcecode.c.objc; path = "NSObject+Serialize.m"; sourceTree = "<group>"; };
		0AB115AF1599ED4B002AC7E6 /* NSString+Serialize.h */ = {isa = PBXFileReference; fileEncoding = 4; lastKnownFileType = sourcecode.c.h; path = "NSString+Serialize.h"; sourceTree = "<group>"; };
		0AB115B01599ED4B002AC7E6 /* NSString+Serialize.m */ = {isa = PBXFileReference; fileEncoding = 4; lastKnownFileType = sourcecode.c.objc; path = "NSString+Serialize.m"; sourceTree = "<group>"; };
		0AB115B11599ED4B002AC7E6 /* Serialize.h */ = {isa = PBXFileReference; fileEncoding = 4; lastKnownFileType = sourcecode.c.h; path = Serialize.h; sourceTree = "<group>"; };
		0AC32408159C34DA003E2B35 /* LoginGrabber.h */ = {isa = PBXFileReference; fileEncoding = 4; lastKnownFileType = sourcecode.c.h; path = LoginGrabber.h; sourceTree = "<group>"; };
		0AC32409159C34DA003E2B35 /* LoginGrabber.m */ = {isa = PBXFileReference; fileEncoding = 4; lastKnownFileType = sourcecode.c.objc; lineEnding = 0; path = LoginGrabber.m; sourceTree = "<group>"; xcLanguageSpecificationIdentifier = xcode.lang.objc; };
		1D30AB110D05D00D00671497 /* Foundation.framework */ = {isa = PBXFileReference; lastKnownFileType = wrapper.framework; name = Foundation.framework; path = System/Library/Frameworks/Foundation.framework; sourceTree = SDKROOT; };
		1D3623240D0F684500981E51 /* MicrolendingAppDelegate.h */ = {isa = PBXFileReference; fileEncoding = 4; lastKnownFileType = sourcecode.c.h; path = MicrolendingAppDelegate.h; sourceTree = "<group>"; };
		1D3623250D0F684500981E51 /* MicrolendingAppDelegate.m */ = {isa = PBXFileReference; fileEncoding = 4; lastKnownFileType = sourcecode.c.objc; path = MicrolendingAppDelegate.m; sourceTree = "<group>"; };
		1D6058910D05DD3D006BFB54 /* Microlending.app */ = {isa = PBXFileReference; explicitFileType = wrapper.application; includeInIndex = 0; path = Microlending.app; sourceTree = BUILT_PRODUCTS_DIR; };
		1DF5F4DF0D08C38300B7A737 /* UIKit.framework */ = {isa = PBXFileReference; lastKnownFileType = wrapper.framework; name = UIKit.framework; path = System/Library/Frameworks/UIKit.framework; sourceTree = SDKROOT; };
		288765FC0DF74451002DB57D /* CoreGraphics.framework */ = {isa = PBXFileReference; lastKnownFileType = wrapper.framework; name = CoreGraphics.framework; path = System/Library/Frameworks/CoreGraphics.framework; sourceTree = SDKROOT; };
		28AD733E0D9D9553002E5188 /* MainWindow.xib */ = {isa = PBXFileReference; lastKnownFileType = file.xib; path = MainWindow.xib; sourceTree = "<group>"; };
		29B97316FDCFA39411CA2CEA /* main.m */ = {isa = PBXFileReference; fileEncoding = 4; lastKnownFileType = sourcecode.c.objc; path = main.m; sourceTree = "<group>"; };
		3107B7A1161761DF00F61B50 /* agricultureicon.png */ = {isa = PBXFileReference; lastKnownFileType = image.png; path = agricultureicon.png; sourceTree = "<group>"; };
		3107B7A41617620000F61B50 /* green.png */ = {isa = PBXFileReference; lastKnownFileType = image.png; path = green.png; sourceTree = "<group>"; };
		3107B7A51617620000F61B50 /* handmadeicon.png */ = {isa = PBXFileReference; lastKnownFileType = image.png; path = handmadeicon.png; sourceTree = "<group>"; };
		3107B7A61617620000F61B50 /* healthicon.png */ = {isa = PBXFileReference; lastKnownFileType = image.png; path = healthicon.png; sourceTree = "<group>"; };
		3107B7A71617620000F61B50 /* Icon.png */ = {isa = PBXFileReference; lastKnownFileType = image.png; path = Icon.png; sourceTree = "<group>"; };
		3107B7AC1617621900F61B50 /* KeychainItemWrapper.h */ = {isa = PBXFileReference; fileEncoding = 4; lastKnownFileType = sourcecode.c.h; name = KeychainItemWrapper.h; path = ../KeychainItemWrapper.h; sourceTree = "<group>"; };
		3107B7AD1617621900F61B50 /* KeychainItemWrapper.m */ = {isa = PBXFileReference; fileEncoding = 4; lastKnownFileType = sourcecode.c.objc; name = KeychainItemWrapper.m; path = ../KeychainItemWrapper.m; sourceTree = "<group>"; };
		3107B7AE1617621900F61B50 /* loginbackground.jpg */ = {isa = PBXFileReference; lastKnownFileType = image.jpeg; path = loginbackground.jpg; sourceTree = "<group>"; };
		3107B7AF1617621900F61B50 /* master.png */ = {isa = PBXFileReference; lastKnownFileType = image.png; path = master.png; sourceTree = "<group>"; };
		3107B7B31617624600F61B50 /* orange.png */ = {isa = PBXFileReference; lastKnownFileType = image.png; path = orange.png; sourceTree = "<group>"; };
		3107B7B41617624600F61B50 /* red.png */ = {isa = PBXFileReference; lastKnownFileType = image.png; path = red.png; sourceTree = "<group>"; };
		3107B7B51617624600F61B50 /* yellow.png */ = {isa = PBXFileReference; lastKnownFileType = image.png; path = yellow.png; sourceTree = "<group>"; };
		3107B7B61617624600F61B50 /* zabiasharaicon.png */ = {isa = PBXFileReference; lastKnownFileType = image.png; path = zabiasharaicon.png; sourceTree = "<group>"; };
		3107B7BB161762E200F61B50 /* Icon@2x.png */ = {isa = PBXFileReference; lastKnownFileType = image.png; path = "Icon@2x.png"; sourceTree = "<group>"; };
		3107B8001617809B00F61B50 /* GameViewController.h */ = {isa = PBXFileReference; fileEncoding = 4; lastKnownFileType = sourcecode.c.h; path = GameViewController.h; sourceTree = "<group>"; };
		3107B8011617809B00F61B50 /* GameViewController.m */ = {isa = PBXFileReference; fileEncoding = 4; lastKnownFileType = sourcecode.c.objc; path = GameViewController.m; sourceTree = "<group>"; };
		3107B8021617809B00F61B50 /* GameViewController.xib */ = {isa = PBXFileReference; fileEncoding = 4; lastKnownFileType = file.xib; path = GameViewController.xib; sourceTree = "<group>"; };
		3191F7CD161E864F005EEF4A /* Furniture.h */ = {isa = PBXFileReference; fileEncoding = 4; lastKnownFileType = sourcecode.c.h; path = Furniture.h; sourceTree = "<group>"; };
		3191F7CE161E864F005EEF4A /* Furniture.m */ = {isa = PBXFileReference; fileEncoding = 4; lastKnownFileType = sourcecode.c.objc; path = Furniture.m; sourceTree = "<group>"; };
		31C3FBE1145E3CAC00688CE7 /* Grabber.h */ = {isa = PBXFileReference; fileEncoding = 4; lastKnownFileType = sourcecode.c.h; path = Grabber.h; sourceTree = "<group>"; };
		31C3FBE2145E3CAC00688CE7 /* Grabber.m */ = {isa = PBXFileReference; fileEncoding = 4; lastKnownFileType = sourcecode.c.objc; lineEnding = 0; path = Grabber.m; sourceTree = "<group>"; xcLanguageSpecificationIdentifier = xcode.lang.objc; };
		31CB22A11617975A005C97D5 /* gaia.jpg */ = {isa = PBXFileReference; lastKnownFileType = image.jpeg; path = gaia.jpg; sourceTree = "<group>"; };
		31CB22A316179B8A005C97D5 /* Citadel.h */ = {isa = PBXFileReference; fileEncoding = 4; lastKnownFileType = sourcecode.c.h; name = Citadel.h; path = ../Citadel.h; sourceTree = "<group>"; };
		31CB22A416179B8A005C97D5 /* Citadel.m */ = {isa = PBXFileReference; fileEncoding = 4; lastKnownFileType = sourcecode.c.objc; name = Citadel.m; path = ../Citadel.m; sourceTree = "<group>"; };
		31CB22A61617A102005C97D5 /* Floor.h */ = {isa = PBXFileReference; fileEncoding = 4; lastKnownFileType = sourcecode.c.h; path = Floor.h; sourceTree = "<group>"; };
		31CB22A71617A102005C97D5 /* Floor.m */ = {isa = PBXFileReference; fileEncoding = 4; lastKnownFileType = sourcecode.c.objc; path = Floor.m; sourceTree = "<group>"; };
		31CB22AC1617A306005C97D5 /* CoreData.framework */ = {isa = PBXFileReference; lastKnownFileType = wrapper.framework; name = CoreData.framework; path = System/Library/Frameworks/CoreData.framework; sourceTree = SDKROOT; };
		31CB22B6161B883D005C97D5 /* FloorViewController.h */ = {isa = PBXFileReference; fileEncoding = 4; lastKnownFileType = sourcecode.c.h; path = FloorViewController.h; sourceTree = "<group>"; };
		31CB22B7161B883D005C97D5 /* FloorViewController.m */ = {isa = PBXFileReference; fileEncoding = 4; lastKnownFileType = sourcecode.c.objc; path = FloorViewController.m; sourceTree = "<group>"; };
		31CB22B8161B883D005C97D5 /* FloorViewController.xib */ = {isa = PBXFileReference; fileEncoding = 4; lastKnownFileType = file.xib; path = FloorViewController.xib; sourceTree = "<group>"; };
		31CB22BC161BCF89005C97D5 /* SingleFloor.h */ = {isa = PBXFileReference; fileEncoding = 4; lastKnownFileType = sourcecode.c.h; path = SingleFloor.h; sourceTree = "<group>"; };
		31CB22BD161BCF8B005C97D5 /* SingleFloor.m */ = {isa = PBXFileReference; fileEncoding = 4; lastKnownFileType = sourcecode.c.objc; path = SingleFloor.m; sourceTree = "<group>"; };
		31D13656145E360E00DD3A43 /* CollageViewController.xib */ = {isa = PBXFileReference; fileEncoding = 4; lastKnownFileType = file.xib; name = CollageViewController.xib; path = Classes/CollageViewController.xib; sourceTree = "<group>"; };
		32CA4F630368D1EE00C91783 /* Microlending_Prefix.pch */ = {isa = PBXFileReference; fileEncoding = 4; lastKnownFileType = sourcecode.c.h; path = Microlending_Prefix.pch; sourceTree = "<group>"; };
		488A48AA145CABB900225D47 /* api.rtf */ = {isa = PBXFileReference; lastKnownFileType = text.rtf; path = api.rtf; sourceTree = "<group>"; };
		8D1107310486CEB800E47090 /* Microlending-Info.plist */ = {isa = PBXFileReference; fileEncoding = 4; lastKnownFileType = text.plist.xml; path = "Microlending-Info.plist"; plistStructureDefinitionIdentifier = "com.apple.xcode.plist.structure-definition.iphone.info-plist"; sourceTree = "<group>"; };
		CD2DF6241479B53700884EA0 /* lender.png */ = {isa = PBXFileReference; lastKnownFileType = image.png; path = lender.png; sourceTree = "<group>"; };
		CD2E134514736E5B000A83FE /* PatchButton.m */ = {isa = PBXFileReference; fileEncoding = 4; lastKnownFileType = sourcecode.c.objc; path = PatchButton.m; sourceTree = "<group>"; };
		CD2E134714736E64000A83FE /* PatchButton.h */ = {isa = PBXFileReference; fileEncoding = 4; lastKnownFileType = sourcecode.c.h; path = PatchButton.h; sourceTree = "<group>"; };
		CD308A66144E2C32000A44C8 /* Lender.h */ = {isa = PBXFileReference; fileEncoding = 4; lastKnownFileType = sourcecode.c.h; path = Lender.h; sourceTree = "<group>"; };
		CD308A67144E2C32000A44C8 /* Lender.m */ = {isa = PBXFileReference; fileEncoding = 4; lastKnownFileType = sourcecode.c.objc; path = Lender.m; sourceTree = "<group>"; };
		CD308A88144E3916000A44C8 /* ProfileViewController.h */ = {isa = PBXFileReference; fileEncoding = 4; lastKnownFileType = sourcecode.c.h; path = ProfileViewController.h; sourceTree = "<group>"; };
		CD308A89144E3916000A44C8 /* ProfileViewController.m */ = {isa = PBXFileReference; fileEncoding = 4; lastKnownFileType = sourcecode.c.objc; path = ProfileViewController.m; sourceTree = "<group>"; };
		CD308A8A144E3916000A44C8 /* ProfileViewController.xib */ = {isa = PBXFileReference; lastKnownFileType = file.xib; name = ProfileViewController.xib; path = Classes/ProfileViewController.xib; sourceTree = "<group>"; };
		CD308AE8144E4EB3000A44C8 /* LoginViewController.h */ = {isa = PBXFileReference; fileEncoding = 4; lastKnownFileType = sourcecode.c.h; path = LoginViewController.h; sourceTree = "<group>"; };
		CD308AE9144E4EB3000A44C8 /* LoginViewController.m */ = {isa = PBXFileReference; fileEncoding = 4; lastKnownFileType = sourcecode.c.objc; lineEnding = 0; path = LoginViewController.m; sourceTree = "<group>"; xcLanguageSpecificationIdentifier = xcode.lang.objc; };
		CD308AEA144E4EB3000A44C8 /* LoginViewController.xib */ = {isa = PBXFileReference; lastKnownFileType = file.xib; name = LoginViewController.xib; path = Classes/LoginViewController.xib; sourceTree = "<group>"; };
		CD308B63144E566B000A44C8 /* BadgeViewController.h */ = {isa = PBXFileReference; fileEncoding = 4; lastKnownFileType = sourcecode.c.h; path = BadgeViewController.h; sourceTree = "<group>"; };
		CD308B64144E566B000A44C8 /* BadgeViewController.m */ = {isa = PBXFileReference; fileEncoding = 4; lastKnownFileType = sourcecode.c.objc; path = BadgeViewController.m; sourceTree = "<group>"; };
		CD308B65144E566B000A44C8 /* BadgeViewController.xib */ = {isa = PBXFileReference; lastKnownFileType = file.xib; name = BadgeViewController.xib; path = Classes/BadgeViewController.xib; sourceTree = "<group>"; };
		CD308BAB144E5FB0000A44C8 /* icon_blog.png */ = {isa = PBXFileReference; lastKnownFileType = image.png; path = icon_blog.png; sourceTree = "<group>"; };
		CD308BAC144E5FB0000A44C8 /* icon_box_mail.png */ = {isa = PBXFileReference; lastKnownFileType = image.png; path = icon_box_mail.png; sourceTree = "<group>"; };
		CD308BAD144E5FB0000A44C8 /* icon_credit_card.png */ = {isa = PBXFileReference; lastKnownFileType = image.png; path = icon_credit_card.png; sourceTree = "<group>"; };
		CD308BAE144E5FB0000A44C8 /* icon_hat.png */ = {isa = PBXFileReference; lastKnownFileType = image.png; path = icon_hat.png; sourceTree = "<group>"; };
		CD308BAF144E5FB0000A44C8 /* icon_user.png */ = {isa = PBXFileReference; lastKnownFileType = image.png; path = icon_user.png; sourceTree = "<group>"; };
		CD308BDA144E62A6000A44C8 /* Borrower.h */ = {isa = PBXFileReference; fileEncoding = 4; lastKnownFileType = sourcecode.c.h; path = Borrower.h; sourceTree = "<group>"; };
		CD308BDB144E62A6000A44C8 /* Borrower.m */ = {isa = PBXFileReference; fileEncoding = 4; lastKnownFileType = sourcecode.c.objc; path = Borrower.m; sourceTree = "<group>"; };
		CD308C18144E6F3E000A44C8 /* MPViewController.h */ = {isa = PBXFileReference; fileEncoding = 4; lastKnownFileType = sourcecode.c.h; path = MPViewController.h; sourceTree = "<group>"; };
		CD308C19144E6F3E000A44C8 /* MPViewController.m */ = {isa = PBXFileReference; fileEncoding = 4; lastKnownFileType = sourcecode.c.objc; path = MPViewController.m; sourceTree = "<group>"; };
		CD308C1A144E6F3E000A44C8 /* MPViewController.xib */ = {isa = PBXFileReference; lastKnownFileType = file.xib; name = MPViewController.xib; path = Classes/MPViewController.xib; sourceTree = "<group>"; };
		CD308C40144E72B1000A44C8 /* BorrowerSingleViewController.h */ = {isa = PBXFileReference; fileEncoding = 4; lastKnownFileType = sourcecode.c.h; path = BorrowerSingleViewController.h; sourceTree = "<group>"; };
		CD308C41144E72B1000A44C8 /* BorrowerSingleViewController.m */ = {isa = PBXFileReference; fileEncoding = 4; lastKnownFileType = sourcecode.c.objc; path = BorrowerSingleViewController.m; sourceTree = "<group>"; };
		CD308C6B144E7C47000A44C8 /* InvestmentTableViewController.h */ = {isa = PBXFileReference; fileEncoding = 4; lastKnownFileType = sourcecode.c.h; name = InvestmentTableViewController.h; path = ../InvestmentTableViewController.h; sourceTree = "<group>"; };
		CD308C6C144E7C47000A44C8 /* InvestmentTableViewController.m */ = {isa = PBXFileReference; fileEncoding = 4; lastKnownFileType = sourcecode.c.objc; name = InvestmentTableViewController.m; path = ../InvestmentTableViewController.m; sourceTree = "<group>"; };
		CD308C6D144E7C47000A44C8 /* InvestmentTableViewController.xib */ = {isa = PBXFileReference; lastKnownFileType = file.xib; path = InvestmentTableViewController.xib; sourceTree = "<group>"; };
		CD308C81144E7D8F000A44C8 /* BorrowerSingleViewController.xib */ = {isa = PBXFileReference; lastKnownFileType = file.xib; path = BorrowerSingleViewController.xib; sourceTree = "<group>"; };
		CD3950501471D8F00003691C /* borrower.png */ = {isa = PBXFileReference; lastKnownFileType = image.png; path = borrower.png; sourceTree = "<group>"; };
		CD3950541471D9D20003691C /* badge.png */ = {isa = PBXFileReference; lastKnownFileType = image.png; path = badge.png; sourceTree = "<group>"; };
		CD4C036F1470CEB0003C601A /* MicroLending.png */ = {isa = PBXFileReference; lastKnownFileType = image.png; path = MicroLending.png; sourceTree = "<group>"; };
		CD67FBD1143BD2B8006E0CC8 /* NSObject+SBJson.h */ = {isa = PBXFileReference; fileEncoding = 4; lastKnownFileType = sourcecode.c.h; name = "NSObject+SBJson.h"; path = "Classes/NSObject+SBJson.h"; sourceTree = "<group>"; };
		CD67FBD2143BD2B8006E0CC8 /* NSObject+SBJson.m */ = {isa = PBXFileReference; fileEncoding = 4; lastKnownFileType = sourcecode.c.objc; name = "NSObject+SBJson.m"; path = "Classes/NSObject+SBJson.m"; sourceTree = "<group>"; };
		CD67FBD3143BD2B8006E0CC8 /* SBJson.h */ = {isa = PBXFileReference; fileEncoding = 4; lastKnownFileType = sourcecode.c.h; name = SBJson.h; path = Classes/SBJson.h; sourceTree = "<group>"; };
		CD67FBD4143BD2B8006E0CC8 /* SBJsonParser.h */ = {isa = PBXFileReference; fileEncoding = 4; lastKnownFileType = sourcecode.c.h; name = SBJsonParser.h; path = Classes/SBJsonParser.h; sourceTree = "<group>"; };
		CD67FBD5143BD2B8006E0CC8 /* SBJsonParser.m */ = {isa = PBXFileReference; fileEncoding = 4; lastKnownFileType = sourcecode.c.objc; name = SBJsonParser.m; path = Classes/SBJsonParser.m; sourceTree = "<group>"; };
		CD67FBD6143BD2B8006E0CC8 /* SBJsonStreamParser.h */ = {isa = PBXFileReference; fileEncoding = 4; lastKnownFileType = sourcecode.c.h; name = SBJsonStreamParser.h; path = Classes/SBJsonStreamParser.h; sourceTree = "<group>"; };
		CD67FBD7143BD2B8006E0CC8 /* SBJsonStreamParser.m */ = {isa = PBXFileReference; fileEncoding = 4; lastKnownFileType = sourcecode.c.objc; name = SBJsonStreamParser.m; path = Classes/SBJsonStreamParser.m; sourceTree = "<group>"; };
		CD67FBD8143BD2B8006E0CC8 /* SBJsonStreamParserAccumulator.h */ = {isa = PBXFileReference; fileEncoding = 4; lastKnownFileType = sourcecode.c.h; name = SBJsonStreamParserAccumulator.h; path = Classes/SBJsonStreamParserAccumulator.h; sourceTree = "<group>"; };
		CD67FBD9143BD2B8006E0CC8 /* SBJsonStreamParserAccumulator.m */ = {isa = PBXFileReference; fileEncoding = 4; lastKnownFileType = sourcecode.c.objc; name = SBJsonStreamParserAccumulator.m; path = Classes/SBJsonStreamParserAccumulator.m; sourceTree = "<group>"; };
		CD67FBDA143BD2B8006E0CC8 /* SBJsonStreamParserAdapter.h */ = {isa = PBXFileReference; fileEncoding = 4; lastKnownFileType = sourcecode.c.h; name = SBJsonStreamParserAdapter.h; path = Classes/SBJsonStreamParserAdapter.h; sourceTree = "<group>"; };
		CD67FBDB143BD2B8006E0CC8 /* SBJsonStreamParserAdapter.m */ = {isa = PBXFileReference; fileEncoding = 4; lastKnownFileType = sourcecode.c.objc; name = SBJsonStreamParserAdapter.m; path = Classes/SBJsonStreamParserAdapter.m; sourceTree = "<group>"; };
		CD67FBDC143BD2B8006E0CC8 /* SBJsonStreamParserState.h */ = {isa = PBXFileReference; fileEncoding = 4; lastKnownFileType = sourcecode.c.h; name = SBJsonStreamParserState.h; path = Classes/SBJsonStreamParserState.h; sourceTree = "<group>"; };
		CD67FBDD143BD2B8006E0CC8 /* SBJsonStreamParserState.m */ = {isa = PBXFileReference; fileEncoding = 4; lastKnownFileType = sourcecode.c.objc; name = SBJsonStreamParserState.m; path = Classes/SBJsonStreamParserState.m; sourceTree = "<group>"; };
		CD67FBDE143BD2B8006E0CC8 /* SBJsonStreamWriter.h */ = {isa = PBXFileReference; fileEncoding = 4; lastKnownFileType = sourcecode.c.h; name = SBJsonStreamWriter.h; path = Classes/SBJsonStreamWriter.h; sourceTree = "<group>"; };
		CD67FBDF143BD2B8006E0CC8 /* SBJsonStreamWriter.m */ = {isa = PBXFileReference; fileEncoding = 4; lastKnownFileType = sourcecode.c.objc; name = SBJsonStreamWriter.m; path = Classes/SBJsonStreamWriter.m; sourceTree = "<group>"; };
		CD67FBE0143BD2B8006E0CC8 /* SBJsonStreamWriterAccumulator.h */ = {isa = PBXFileReference; fileEncoding = 4; lastKnownFileType = sourcecode.c.h; name = SBJsonStreamWriterAccumulator.h; path = Classes/SBJsonStreamWriterAccumulator.h; sourceTree = "<group>"; };
		CD67FBE1143BD2B8006E0CC8 /* SBJsonStreamWriterAccumulator.m */ = {isa = PBXFileReference; fileEncoding = 4; lastKnownFileType = sourcecode.c.objc; name = SBJsonStreamWriterAccumulator.m; path = Classes/SBJsonStreamWriterAccumulator.m; sourceTree = "<group>"; };
		CD67FBE2143BD2B8006E0CC8 /* SBJsonStreamWriterState.h */ = {isa = PBXFileReference; fileEncoding = 4; lastKnownFileType = sourcecode.c.h; name = SBJsonStreamWriterState.h; path = Classes/SBJsonStreamWriterState.h; sourceTree = "<group>"; };
		CD67FBE3143BD2B8006E0CC8 /* SBJsonStreamWriterState.m */ = {isa = PBXFileReference; fileEncoding = 4; lastKnownFileType = sourcecode.c.objc; name = SBJsonStreamWriterState.m; path = Classes/SBJsonStreamWriterState.m; sourceTree = "<group>"; };
		CD67FBE4143BD2B8006E0CC8 /* SBJsonTokeniser.h */ = {isa = PBXFileReference; fileEncoding = 4; lastKnownFileType = sourcecode.c.h; name = SBJsonTokeniser.h; path = Classes/SBJsonTokeniser.h; sourceTree = "<group>"; };
		CD67FBE5143BD2B8006E0CC8 /* SBJsonTokeniser.m */ = {isa = PBXFileReference; fileEncoding = 4; lastKnownFileType = sourcecode.c.objc; name = SBJsonTokeniser.m; path = Classes/SBJsonTokeniser.m; sourceTree = "<group>"; };
		CD67FBE6143BD2B8006E0CC8 /* SBJsonUTF8Stream.h */ = {isa = PBXFileReference; fileEncoding = 4; lastKnownFileType = sourcecode.c.h; name = SBJsonUTF8Stream.h; path = Classes/SBJsonUTF8Stream.h; sourceTree = "<group>"; };
		CD67FBE7143BD2B8006E0CC8 /* SBJsonUTF8Stream.m */ = {isa = PBXFileReference; fileEncoding = 4; lastKnownFileType = sourcecode.c.objc; name = SBJsonUTF8Stream.m; path = Classes/SBJsonUTF8Stream.m; sourceTree = "<group>"; };
		CD67FBE8143BD2B8006E0CC8 /* SBJsonWriter.h */ = {isa = PBXFileReference; fileEncoding = 4; lastKnownFileType = sourcecode.c.h; name = SBJsonWriter.h; path = Classes/SBJsonWriter.h; sourceTree = "<group>"; };
		CD67FBE9143BD2B8006E0CC8 /* SBJsonWriter.m */ = {isa = PBXFileReference; fileEncoding = 4; lastKnownFileType = sourcecode.c.objc; name = SBJsonWriter.m; path = Classes/SBJsonWriter.m; sourceTree = "<group>"; };
		CD85849A145F9FA300EA8DF5 /* MicroLending.png */ = {isa = PBXFileReference; lastKnownFileType = image.png; path = MicroLending.png; sourceTree = "<group>"; };
		CDB3E17814635E010047108F /* CustomNavBar.h */ = {isa = PBXFileReference; fileEncoding = 4; lastKnownFileType = sourcecode.c.h; path = CustomNavBar.h; sourceTree = "<group>"; };
		CDB3E17914635E010047108F /* CustomNavBar.m */ = {isa = PBXFileReference; fileEncoding = 4; lastKnownFileType = sourcecode.c.objc; path = CustomNavBar.m; sourceTree = "<group>"; };
		CDB3E1821463614B0047108F /* NavBarImage.png */ = {isa = PBXFileReference; lastKnownFileType = image.png; path = NavBarImage.png; sourceTree = "<group>"; };
		CDB50495146B322500F15B88 /* blueprint.jpg */ = {isa = PBXFileReference; lastKnownFileType = image.jpeg; path = blueprint.jpg; sourceTree = "<group>"; };
		CDBCCFE3147349E40028EE9A /* DecisionViewController.h */ = {isa = PBXFileReference; fileEncoding = 4; lastKnownFileType = sourcecode.c.h; path = DecisionViewController.h; sourceTree = "<group>"; };
		CDBCCFE4147349E40028EE9A /* DecisionViewController.m */ = {isa = PBXFileReference; fileEncoding = 4; lastKnownFileType = sourcecode.c.objc; path = DecisionViewController.m; sourceTree = "<group>"; };
		CDBE13D31475BF5200F12B3C /* MyBadgesTableViewController.h */ = {isa = PBXFileReference; fileEncoding = 4; lastKnownFileType = sourcecode.c.h; path = MyBadgesTableViewController.h; sourceTree = "<group>"; };
		CDBE13D41475BF5200F12B3C /* MyBadgesTableViewController.m */ = {isa = PBXFileReference; fileEncoding = 4; lastKnownFileType = sourcecode.c.objc; path = MyBadgesTableViewController.m; sourceTree = "<group>"; };
		CDBE97041472059000A4D8DB /* canvas.jpg */ = {isa = PBXFileReference; lastKnownFileType = image.jpeg; path = canvas.jpg; sourceTree = "<group>"; };
		CDBE97441472114800A4D8DB /* SingleBadgeViewController.h */ = {isa = PBXFileReference; fileEncoding = 4; lastKnownFileType = sourcecode.c.h; path = SingleBadgeViewController.h; sourceTree = "<group>"; };
		CDBE97451472114800A4D8DB /* SingleBadgeViewController.m */ = {isa = PBXFileReference; fileEncoding = 4; lastKnownFileType = sourcecode.c.objc; path = SingleBadgeViewController.m; sourceTree = "<group>"; };
		CDBE97461472114800A4D8DB /* SingleBadgeViewController.xib */ = {isa = PBXFileReference; lastKnownFileType = file.xib; name = SingleBadgeViewController.xib; path = Classes/SingleBadgeViewController.xib; sourceTree = "<group>"; };
		CDBF7A351474562900C408C8 /* quilt.png */ = {isa = PBXFileReference; lastKnownFileType = image.png; path = quilt.png; sourceTree = "<group>"; };
		CDBF7A8D14746B5200C408C8 /* MessageUI.framework */ = {isa = PBXFileReference; lastKnownFileType = wrapper.framework; name = MessageUI.framework; path = System/Library/Frameworks/MessageUI.framework; sourceTree = SDKROOT; };
		CDC3D6AF1460748E00360097 /* Sender.h */ = {isa = PBXFileReference; fileEncoding = 4; lastKnownFileType = sourcecode.c.h; path = Sender.h; sourceTree = "<group>"; };
		CDC3D6B01460748E00360097 /* Sender.m */ = {isa = PBXFileReference; fileEncoding = 4; lastKnownFileType = sourcecode.c.objc; path = Sender.m; sourceTree = "<group>"; };
		CDDEA24F14678F1900A387B1 /* mpbackground.jpg */ = {isa = PBXFileReference; lastKnownFileType = image.jpeg; path = mpbackground.jpg; sourceTree = "<group>"; };
		CDDEA2871468809100A387B1 /* whiteButton4.png */ = {isa = PBXFileReference; lastKnownFileType = image.png; path = whiteButton4.png; sourceTree = "<group>"; };
		CDDEA2B5146887DD00A387B1 /* Transaction.h */ = {isa = PBXFileReference; fileEncoding = 4; lastKnownFileType = sourcecode.c.h; path = Transaction.h; sourceTree = "<group>"; };
		CDDEA2B6146887DD00A387B1 /* Transaction.m */ = {isa = PBXFileReference; fileEncoding = 4; lastKnownFileType = sourcecode.c.objc; path = Transaction.m; sourceTree = "<group>"; };
		CDDEA3371469FBE200A387B1 /* LeaderboardViewController.h */ = {isa = PBXFileReference; fileEncoding = 4; lastKnownFileType = sourcecode.c.h; path = LeaderboardViewController.h; sourceTree = "<group>"; };
		CDDEA3381469FBE200A387B1 /* LeaderboardViewController.m */ = {isa = PBXFileReference; fileEncoding = 4; lastKnownFileType = sourcecode.c.objc; path = LeaderboardViewController.m; sourceTree = "<group>"; };
		CDDEA3391469FBE200A387B1 /* LeaderboardViewController.xib */ = {isa = PBXFileReference; lastKnownFileType = file.xib; name = LeaderboardViewController.xib; path = Classes/LeaderboardViewController.xib; sourceTree = "<group>"; };
		CDE418331460E14C00FD1B8D /* Badge.h */ = {isa = PBXFileReference; fileEncoding = 4; lastKnownFileType = sourcecode.c.h; name = Badge.h; path = ../Badge.h; sourceTree = "<group>"; };
		CDE418341460E14C00FD1B8D /* Badge.m */ = {isa = PBXFileReference; fileEncoding = 4; lastKnownFileType = sourcecode.c.objc; name = Badge.m; path = ../Badge.m; sourceTree = "<group>"; };
		CDE41964146100AA00FD1B8D /* CollageViewController.h */ = {isa = PBXFileReference; fileEncoding = 4; lastKnownFileType = sourcecode.c.h; path = CollageViewController.h; sourceTree = "<group>"; };
		CDE41965146100AA00FD1B8D /* CollageViewController.m */ = {isa = PBXFileReference; fileEncoding = 4; lastKnownFileType = sourcecode.c.objc; path = CollageViewController.m; sourceTree = "<group>"; };
		CDF6DBF714676FCE00A9030D /* topbar.png */ = {isa = PBXFileReference; lastKnownFileType = image.png; path = topbar.png; sourceTree = "<group>"; };
		CDF6DC091467721600A9030D /* MPCategoryPage.h */ = {isa = PBXFileReference; fileEncoding = 4; lastKnownFileType = sourcecode.c.h; path = MPCategoryPage.h; sourceTree = "<group>"; };
		CDF6DC0A1467721600A9030D /* MPCategoryPage.m */ = {isa = PBXFileReference; fileEncoding = 4; lastKnownFileType = sourcecode.c.objc; path = MPCategoryPage.m; sourceTree = "<group>"; };
		CDF6DC0B1467721600A9030D /* MPCategoryPage.xib */ = {isa = PBXFileReference; lastKnownFileType = file.xib; name = MPCategoryPage.xib; path = Classes/MPCategoryPage.xib; sourceTree = "<group>"; };
		CDF6DC221467726800A9030D /* Background.jpg */ = {isa = PBXFileReference; lastKnownFileType = image.jpeg; path = Background.jpg; sourceTree = "<group>"; };
/* End PBXFileReference section */

/* Begin PBXFrameworksBuildPhase section */
		1D60588F0D05DD3D006BFB54 /* Frameworks */ = {
			isa = PBXFrameworksBuildPhase;
			buildActionMask = 2147483647;
			files = (
				31CB22AD1617A307005C97D5 /* CoreData.framework in Frameworks */,
				0A74CF7D15A34F3100E9E20B /* Security.framework in Frameworks */,
				0A74CF8115A34FA000E9E20B /* libz.dylib in Frameworks */,
				0A74CF7F15A34F8000E9E20B /* libxml2.dylib in Frameworks */,
				0A74CF7B15A34EF500E9E20B /* AddressBook.framework in Frameworks */,
				0A74CF7915A34EB400E9E20B /* SystemConfiguration.framework in Frameworks */,
				0A7090EC158F835D00235DBE /* QuartzCore.framework in Frameworks */,
				288765FD0DF74451002DB57D /* CoreGraphics.framework in Frameworks */,
				1D60589F0D05DD5A006BFB54 /* Foundation.framework in Frameworks */,
				1DF5F4E00D08C38300B7A737 /* UIKit.framework in Frameworks */,
				CDBF7A8E14746B5200C408C8 /* MessageUI.framework in Frameworks */,
				0A74CF7015A345BA00E9E20B /* libPayPalMPL.a in Frameworks */,
			);
			runOnlyForDeploymentPostprocessing = 0;
		};
/* End PBXFrameworksBuildPhase section */

/* Begin PBXGroup section */
		080E96DDFE201D6D7F000001 /* Classes */ = {
			isa = PBXGroup;
			children = (
				3107B7AC1617621900F61B50 /* KeychainItemWrapper.h */,
				3107B7AD1617621900F61B50 /* KeychainItemWrapper.m */,
				CD2E134714736E64000A83FE /* PatchButton.h */,
				CD2E134514736E5B000A83FE /* PatchButton.m */,
				CDBCCFE3147349E40028EE9A /* DecisionViewController.h */,
				CDBCCFE4147349E40028EE9A /* DecisionViewController.m */,
				CDDEA3371469FBE200A387B1 /* LeaderboardViewController.h */,
				CDDEA3381469FBE200A387B1 /* LeaderboardViewController.m */,
				CDE41964146100AA00FD1B8D /* CollageViewController.h */,
				CDE41965146100AA00FD1B8D /* CollageViewController.m */,
				CDC3D6AF1460748E00360097 /* Sender.h */,
				0A2C774815A6F40A00C91904 /* RecordTransactions.h */,
				0A2C774915A6F40A00C91904 /* RecordTransactions.m */,
				CDC3D6B01460748E00360097 /* Sender.m */,
				31CB22A316179B8A005C97D5 /* Citadel.h */,
				31CB22A61617A102005C97D5 /* Floor.h */,
				31CB22A71617A102005C97D5 /* Floor.m */,
				31CB22A416179B8A005C97D5 /* Citadel.m */,
				31C3FBE1145E3CAC00688CE7 /* Grabber.h */,
				0AA5C380159DD077001318BA /* GrabberTwo.h */,
				0AA5C381159DD077001318BA /* GrabberTwo.m */,
				0AC32408159C34DA003E2B35 /* LoginGrabber.h */,
				0AC32409159C34DA003E2B35 /* LoginGrabber.m */,
				31C3FBE2145E3CAC00688CE7 /* Grabber.m */,
				CDDEA2B5146887DD00A387B1 /* Transaction.h */,
				CDDEA2B6146887DD00A387B1 /* Transaction.m */,
				CDE418331460E14C00FD1B8D /* Badge.h */,
				CDE418341460E14C00FD1B8D /* Badge.m */,
				CD308A66144E2C32000A44C8 /* Lender.h */,
				CD308A67144E2C32000A44C8 /* Lender.m */,
				CD308BDA144E62A6000A44C8 /* Borrower.h */,
				CD308BDB144E62A6000A44C8 /* Borrower.m */,
				1D3623240D0F684500981E51 /* MicrolendingAppDelegate.h */,
				31CB22B6161B883D005C97D5 /* FloorViewController.h */,
				31CB22BC161BCF89005C97D5 /* SingleFloor.h */,
				31CB22BD161BCF8B005C97D5 /* SingleFloor.m */,
				31CB22B7161B883D005C97D5 /* FloorViewController.m */,
				31CB22B8161B883D005C97D5 /* FloorViewController.xib */,
				3107B8001617809B00F61B50 /* GameViewController.h */,
				3107B8011617809B00F61B50 /* GameViewController.m */,
				3107B8021617809B00F61B50 /* GameViewController.xib */,
				0A74CF7215A3479A00E9E20B /* PayButtonViewController.h */,
				0A74CF7315A3479A00E9E20B /* PayButtonViewController.m */,
				0A74CF7415A3479A00E9E20B /* SuccessViewController.h */,
				0A74CF7515A3479B00E9E20B /* SuccessViewController.m */,
				1D3623250D0F684500981E51 /* MicrolendingAppDelegate.m */,
				CDF6DC091467721600A9030D /* MPCategoryPage.h */,
				CDF6DC0A1467721600A9030D /* MPCategoryPage.m */,
				CD308AE8144E4EB3000A44C8 /* LoginViewController.h */,
				CD308AE9144E4EB3000A44C8 /* LoginViewController.m */,
				CD308A88144E3916000A44C8 /* ProfileViewController.h */,
				0A2B632115BE87C5009FACFD /* Logout.h */,
				0A2B632215BE87C5009FACFD /* Logout.m */,
				CD308A89144E3916000A44C8 /* ProfileViewController.m */,
				CD308B63144E566B000A44C8 /* BadgeViewController.h */,
				CD308B64144E566B000A44C8 /* BadgeViewController.m */,
				CDBE97441472114800A4D8DB /* SingleBadgeViewController.h */,
				CDBE97451472114800A4D8DB /* SingleBadgeViewController.m */,
				CD308C18144E6F3E000A44C8 /* MPViewController.h */,
				CD308C19144E6F3E000A44C8 /* MPViewController.m */,
				CD308C40144E72B1000A44C8 /* BorrowerSingleViewController.h */,
				CD308C41144E72B1000A44C8 /* BorrowerSingleViewController.m */,
				CD308C6B144E7C47000A44C8 /* InvestmentTableViewController.h */,
				CD308C6C144E7C47000A44C8 /* InvestmentTableViewController.m */,
				CDB3E17814635E010047108F /* CustomNavBar.h */,
				CDB3E17914635E010047108F /* CustomNavBar.m */,
				CDBE13D31475BF5200F12B3C /* MyBadgesTableViewController.h */,
				CDBE13D41475BF5200F12B3C /* MyBadgesTableViewController.m */,
				3191F7CD161E864F005EEF4A /* Furniture.h */,
				3191F7CE161E864F005EEF4A /* Furniture.m */,
			);
			path = Classes;
			sourceTree = "<group>";
		};
		19C28FACFE9D520D11CA2CBB /* Products */ = {
			isa = PBXGroup;
			children = (
				1D6058910D05DD3D006BFB54 /* Microlending.app */,
			);
			name = Products;
			sourceTree = "<group>";
		};
		29B97314FDCFA39411CA2CEA /* CustomTemplate */ = {
			isa = PBXGroup;
			children = (
				31CB22AC1617A306005C97D5 /* CoreData.framework */,
				31CB22A11617975A005C97D5 /* gaia.jpg */,
				3107B7BB161762E200F61B50 /* Icon@2x.png */,
				3107B7B31617624600F61B50 /* orange.png */,
				3107B7B41617624600F61B50 /* red.png */,
				3107B7B51617624600F61B50 /* yellow.png */,
				3107B7B61617624600F61B50 /* zabiasharaicon.png */,
				3107B7AE1617621900F61B50 /* loginbackground.jpg */,
				3107B7AF1617621900F61B50 /* master.png */,
				3107B7A41617620000F61B50 /* green.png */,
				3107B7A51617620000F61B50 /* handmadeicon.png */,
				3107B7A61617620000F61B50 /* healthicon.png */,
				3107B7A71617620000F61B50 /* Icon.png */,
				3107B7A1161761DF00F61B50 /* agricultureicon.png */,
				0AAAB46B15A5AF35006680C0 /* StoreKit.framework */,
				0A74CF8015A34FA000E9E20B /* libz.dylib */,
				0A74CF7E15A34F8000E9E20B /* libxml2.dylib */,
				0A74CF7C15A34F3100E9E20B /* Security.framework */,
				0A74CF7A15A34EF500E9E20B /* AddressBook.framework */,
				0A74CF7815A34EB400E9E20B /* SystemConfiguration.framework */,
				0A74CF6415A345B700E9E20B /* libPayPalMPL.a */,
				0A74CF6515A345B800E9E20B /* PayPal.h */,
				0A74CF6615A345B800E9E20B /* PayPalAddress.h */,
				0A74CF6715A345B800E9E20B /* PayPalAdvancedPayment.h */,
				0A74CF6815A345B800E9E20B /* PayPalAmounts.h */,
				0A74CF6915A345B900E9E20B /* PayPalContext.h */,
				0A74CF6A15A345B900E9E20B /* PayPalInvoiceData.h */,
				0A74CF6B15A345B900E9E20B /* PayPalInvoiceItem.h */,
				0A74CF6C15A345B900E9E20B /* PayPalPayment.h */,
				0A74CF6D15A345B900E9E20B /* PayPalPreapprovalDetails.h */,
				0A74CF6E15A345B900E9E20B /* PayPalReceiverAmounts.h */,
				0A74CF6F15A345BA00E9E20B /* PayPalReceiverPaymentDetails.h */,
				488A48AA145CABB900225D47 /* api.rtf */,
				CD67FBFA143BD419006E0CC8 /* JSON */,
				080E96DDFE201D6D7F000001 /* Classes */,
				29B97315FDCFA39411CA2CEA /* Other Sources */,
				29B97317FDCFA39411CA2CEA /* Resources */,
				29B97323FDCFA39411CA2CEA /* Frameworks */,
				19C28FACFE9D520D11CA2CBB /* Products */,
			);
			name = CustomTemplate;
			sourceTree = "<group>";
		};
		29B97315FDCFA39411CA2CEA /* Other Sources */ = {
			isa = PBXGroup;
			children = (
				32CA4F630368D1EE00C91783 /* Microlending_Prefix.pch */,
				29B97316FDCFA39411CA2CEA /* main.m */,
			);
			name = "Other Sources";
			sourceTree = "<group>";
		};
		29B97317FDCFA39411CA2CEA /* Resources */ = {
			isa = PBXGroup;
			children = (
				CD2DF6241479B53700884EA0 /* lender.png */,
				CDBF7A351474562900C408C8 /* quilt.png */,
				CDBE97041472059000A4D8DB /* canvas.jpg */,
				CD3950541471D9D20003691C /* badge.png */,
				CDB50495146B322500F15B88 /* blueprint.jpg */,
				0AA6434D15905DA8007F8664 /* male_avatar.png */,
				0AA4E44915A176BA00A538FF /* Icon-Small@2x.png */,
				0AA4E44715A176B200A538FF /* Icon-Small.png */,
				CD3950501471D8F00003691C /* borrower.png */,
				CDDEA2871468809100A387B1 /* whiteButton4.png */,
				CDDEA24F14678F1900A387B1 /* mpbackground.jpg */,
				CDF6DC221467726800A9030D /* Background.jpg */,
				CDF6DBF714676FCE00A9030D /* topbar.png */,
				CDB3E1821463614B0047108F /* NavBarImage.png */,
				CD85849A145F9FA300EA8DF5 /* MicroLending.png */,
				CD4C036F1470CEB0003C601A /* MicroLending.png */,
				CD308BAB144E5FB0000A44C8 /* icon_blog.png */,
				CD308BAC144E5FB0000A44C8 /* icon_box_mail.png */,
				CD308BAD144E5FB0000A44C8 /* icon_credit_card.png */,
				CD308BAE144E5FB0000A44C8 /* icon_hat.png */,
				CD308BAF144E5FB0000A44C8 /* icon_user.png */,
				CD308A8A144E3916000A44C8 /* ProfileViewController.xib */,
				CDF6DC0B1467721600A9030D /* MPCategoryPage.xib */,
				31D13656145E360E00DD3A43 /* CollageViewController.xib */,
				CDBE97461472114800A4D8DB /* SingleBadgeViewController.xib */,
				CDDEA3391469FBE200A387B1 /* LeaderboardViewController.xib */,
				CD308C81144E7D8F000A44C8 /* BorrowerSingleViewController.xib */,
				CD308C1A144E6F3E000A44C8 /* MPViewController.xib */,
				CD308B65144E566B000A44C8 /* BadgeViewController.xib */,
				CD308AEA144E4EB3000A44C8 /* LoginViewController.xib */,
				CD308C6D144E7C47000A44C8 /* InvestmentTableViewController.xib */,
				28AD733E0D9D9553002E5188 /* MainWindow.xib */,
				8D1107310486CEB800E47090 /* Microlending-Info.plist */,
			);
			name = Resources;
			sourceTree = "<group>";
		};
		29B97323FDCFA39411CA2CEA /* Frameworks */ = {
			isa = PBXGroup;
			children = (
				0A7090EB158F835D00235DBE /* QuartzCore.framework */,
				1DF5F4DF0D08C38300B7A737 /* UIKit.framework */,
				1D30AB110D05D00D00671497 /* Foundation.framework */,
				288765FC0DF74451002DB57D /* CoreGraphics.framework */,
				CDBF7A8D14746B5200C408C8 /* MessageUI.framework */,
			);
			name = Frameworks;
			sourceTree = "<group>";
		};
		CD67FBFA143BD419006E0CC8 /* JSON */ = {
			isa = PBXGroup;
			children = (
				0AB1159D1599ED4B002AC7E6 /* CoreSupport.h */,
				0AB1159E1599ED4B002AC7E6 /* NSString+InflectionSupport.h */,
				0AB1159F1599ED4B002AC7E6 /* NSString+InflectionSupport.m */,
				0AB115A61599ED4B002AC7E6 /* ObjectiveResourceDateFormatter.h */,
				0AB115A71599ED4B002AC7E6 /* ObjectiveResourceDateFormatter.m */,
				0AB115A81599ED4B002AC7E6 /* ObjectiveSupport.h */,
				0AB115A91599ED4B002AC7E6 /* NSDate+Serialize.h */,
				0AB115AA1599ED4B002AC7E6 /* NSDate+Serialize.m */,
				0AB115AB1599ED4B002AC7E6 /* NSDictionary+KeyTranslation.h */,
				0AB115AC1599ED4B002AC7E6 /* NSDictionary+KeyTranslation.m */,
				0AB115AD1599ED4B002AC7E6 /* NSObject+Serialize.h */,
				0AB115AE1599ED4B002AC7E6 /* NSObject+Serialize.m */,
				0AB115AF1599ED4B002AC7E6 /* NSString+Serialize.h */,
				0AB115B01599ED4B002AC7E6 /* NSString+Serialize.m */,
				0AB115B11599ED4B002AC7E6 /* Serialize.h */,
				CD67FBD1143BD2B8006E0CC8 /* NSObject+SBJson.h */,
				CD67FBD2143BD2B8006E0CC8 /* NSObject+SBJson.m */,
				CD67FBD3143BD2B8006E0CC8 /* SBJson.h */,
				CD67FBD4143BD2B8006E0CC8 /* SBJsonParser.h */,
				CD67FBD5143BD2B8006E0CC8 /* SBJsonParser.m */,
				CD67FBD6143BD2B8006E0CC8 /* SBJsonStreamParser.h */,
				CD67FBD7143BD2B8006E0CC8 /* SBJsonStreamParser.m */,
				CD67FBD8143BD2B8006E0CC8 /* SBJsonStreamParserAccumulator.h */,
				CD67FBD9143BD2B8006E0CC8 /* SBJsonStreamParserAccumulator.m */,
				CD67FBDA143BD2B8006E0CC8 /* SBJsonStreamParserAdapter.h */,
				CD67FBDB143BD2B8006E0CC8 /* SBJsonStreamParserAdapter.m */,
				CD67FBDC143BD2B8006E0CC8 /* SBJsonStreamParserState.h */,
				CD67FBDD143BD2B8006E0CC8 /* SBJsonStreamParserState.m */,
				CD67FBDE143BD2B8006E0CC8 /* SBJsonStreamWriter.h */,
				CD67FBDF143BD2B8006E0CC8 /* SBJsonStreamWriter.m */,
				CD67FBE0143BD2B8006E0CC8 /* SBJsonStreamWriterAccumulator.h */,
				CD67FBE1143BD2B8006E0CC8 /* SBJsonStreamWriterAccumulator.m */,
				CD67FBE2143BD2B8006E0CC8 /* SBJsonStreamWriterState.h */,
				CD67FBE3143BD2B8006E0CC8 /* SBJsonStreamWriterState.m */,
				CD67FBE4143BD2B8006E0CC8 /* SBJsonTokeniser.h */,
				CD67FBE5143BD2B8006E0CC8 /* SBJsonTokeniser.m */,
				CD67FBE6143BD2B8006E0CC8 /* SBJsonUTF8Stream.h */,
				CD67FBE7143BD2B8006E0CC8 /* SBJsonUTF8Stream.m */,
				CD67FBE8143BD2B8006E0CC8 /* SBJsonWriter.h */,
				CD67FBE9143BD2B8006E0CC8 /* SBJsonWriter.m */,
			);
			name = JSON;
			sourceTree = "<group>";
		};
/* End PBXGroup section */

/* Begin PBXNativeTarget section */
		1D6058900D05DD3D006BFB54 /* Microlending */ = {
			isa = PBXNativeTarget;
			buildConfigurationList = 1D6058960D05DD3E006BFB54 /* Build configuration list for PBXNativeTarget "Microlending" */;
			buildPhases = (
				1D60588D0D05DD3D006BFB54 /* Resources */,
				1D60588E0D05DD3D006BFB54 /* Sources */,
				1D60588F0D05DD3D006BFB54 /* Frameworks */,
			);
			buildRules = (
			);
			dependencies = (
			);
			name = Microlending;
			productName = Microlending;
			productReference = 1D6058910D05DD3D006BFB54 /* Microlending.app */;
			productType = "com.apple.product-type.application";
		};
/* End PBXNativeTarget section */

/* Begin PBXProject section */
		29B97313FDCFA39411CA2CEA /* Project object */ = {
			isa = PBXProject;
			attributes = {
				LastUpgradeCheck = 0420;
			};
			buildConfigurationList = C01FCF4E08A954540054247B /* Build configuration list for PBXProject "Microlending" */;
			compatibilityVersion = "Xcode 3.2";
			developmentRegion = English;
			hasScannedForEncodings = 1;
			knownRegions = (
				English,
				Japanese,
				French,
				German,
			);
			mainGroup = 29B97314FDCFA39411CA2CEA /* CustomTemplate */;
			projectDirPath = "";
			projectRoot = "";
			targets = (
				1D6058900D05DD3D006BFB54 /* Microlending */,
			);
		};
/* End PBXProject section */

/* Begin PBXResourcesBuildPhase section */
		1D60588D0D05DD3D006BFB54 /* Resources */ = {
			isa = PBXResourcesBuildPhase;
			buildActionMask = 2147483647;
			files = (
				28AD733F0D9D9553002E5188 /* MainWindow.xib in Resources */,
				CD308A8C144E3916000A44C8 /* ProfileViewController.xib in Resources */,
				CD308AEC144E4EB3000A44C8 /* LoginViewController.xib in Resources */,
				CD308B67144E566B000A44C8 /* BadgeViewController.xib in Resources */,
				CD308BB0144E5FB0000A44C8 /* icon_blog.png in Resources */,
				CD308BB1144E5FB0000A44C8 /* icon_box_mail.png in Resources */,
				CD308BB2144E5FB0000A44C8 /* icon_credit_card.png in Resources */,
				CD308BB3144E5FB0000A44C8 /* icon_hat.png in Resources */,
				CD308BB4144E5FB0000A44C8 /* icon_user.png in Resources */,
				CD308C1C144E6F3E000A44C8 /* MPViewController.xib in Resources */,
				CD308C6F144E7C47000A44C8 /* InvestmentTableViewController.xib in Resources */,
				CD308C82144E7D8F000A44C8 /* BorrowerSingleViewController.xib in Resources */,
				488A48AB145CABB900225D47 /* api.rtf in Resources */,
				31D13658145E360E00DD3A43 /* CollageViewController.xib in Resources */,
				CD85849B145F9FA300EA8DF5 /* MicroLending.png in Resources */,
				CDB3E1831463614B0047108F /* NavBarImage.png in Resources */,
				CDF6DBF814676FCE00A9030D /* topbar.png in Resources */,
				CDF6DC0D1467721600A9030D /* MPCategoryPage.xib in Resources */,
				CDF6DC231467726800A9030D /* Background.jpg in Resources */,
				CDDEA25014678F1900A387B1 /* mpbackground.jpg in Resources */,
				CDDEA2881468809100A387B1 /* whiteButton4.png in Resources */,
				CDDEA33B1469FBE200A387B1 /* LeaderboardViewController.xib in Resources */,
				CDB50496146B322500F15B88 /* blueprint.jpg in Resources */,
				CD3950511471D8F00003691C /* borrower.png in Resources */,
				CD3950551471D9D20003691C /* badge.png in Resources */,
				CDBE97051472059000A4D8DB /* canvas.jpg in Resources */,
				CDBE97481472114800A4D8DB /* SingleBadgeViewController.xib in Resources */,
				CDBF7A361474562900C408C8 /* quilt.png in Resources */,
				CD2DF6251479B53700884EA0 /* lender.png in Resources */,
				0AA6434E15905DA8007F8664 /* male_avatar.png in Resources */,
				0AA4E44815A176B200A538FF /* Icon-Small.png in Resources */,
				0AA4E44A15A176BA00A538FF /* Icon-Small@2x.png in Resources */,
				3107B7A2161761DF00F61B50 /* agricultureicon.png in Resources */,
				3107B7A81617620000F61B50 /* green.png in Resources */,
				3107B7A91617620000F61B50 /* handmadeicon.png in Resources */,
				3107B7AA1617620000F61B50 /* healthicon.png in Resources */,
				3107B7AB1617620000F61B50 /* Icon.png in Resources */,
				3107B7B11617621900F61B50 /* loginbackground.jpg in Resources */,
				3107B7B21617621900F61B50 /* master.png in Resources */,
				3107B7B71617624600F61B50 /* orange.png in Resources */,
				3107B7B81617624600F61B50 /* red.png in Resources */,
				3107B7B91617624600F61B50 /* yellow.png in Resources */,
				3107B7BA1617624600F61B50 /* zabiasharaicon.png in Resources */,
				3107B7BC161762E200F61B50 /* Icon@2x.png in Resources */,
				3107B8041617809B00F61B50 /* GameViewController.xib in Resources */,
				31CB22A21617975A005C97D5 /* gaia.jpg in Resources */,
				31CB22BA161B883D005C97D5 /* FloorViewController.xib in Resources */,
			);
			runOnlyForDeploymentPostprocessing = 0;
		};
/* End PBXResourcesBuildPhase section */

/* Begin PBXSourcesBuildPhase section */
		1D60588E0D05DD3D006BFB54 /* Sources */ = {
			isa = PBXSourcesBuildPhase;
			buildActionMask = 2147483647;
			files = (
				1D60589B0D05DD56006BFB54 /* main.m in Sources */,
				1D3623260D0F684500981E51 /* MicrolendingAppDelegate.m in Sources */,
				CD67FBEA143BD2B8006E0CC8 /* NSObject+SBJson.m in Sources */,
				CD67FBEB143BD2B8006E0CC8 /* SBJsonParser.m in Sources */,
				CD67FBEC143BD2B8006E0CC8 /* SBJsonStreamParser.m in Sources */,
				CD67FBED143BD2B8006E0CC8 /* SBJsonStreamParserAccumulator.m in Sources */,
				CD67FBEE143BD2B8006E0CC8 /* SBJsonStreamParserAdapter.m in Sources */,
				CD67FBEF143BD2B8006E0CC8 /* SBJsonStreamParserState.m in Sources */,
				CD67FBF0143BD2B8006E0CC8 /* SBJsonStreamWriter.m in Sources */,
				CD67FBF1143BD2B8006E0CC8 /* SBJsonStreamWriterAccumulator.m in Sources */,
				CD67FBF2143BD2B8006E0CC8 /* SBJsonStreamWriterState.m in Sources */,
				CD67FBF3143BD2B8006E0CC8 /* SBJsonTokeniser.m in Sources */,
				CD67FBF4143BD2B8006E0CC8 /* SBJsonUTF8Stream.m in Sources */,
				CD67FBF5143BD2B8006E0CC8 /* SBJsonWriter.m in Sources */,
				CD308A68144E2C32000A44C8 /* Lender.m in Sources */,
				CD308A8B144E3916000A44C8 /* ProfileViewController.m in Sources */,
				CD308AEB144E4EB3000A44C8 /* LoginViewController.m in Sources */,
				CD308B66144E566B000A44C8 /* BadgeViewController.m in Sources */,
				CD308BDC144E62A6000A44C8 /* Borrower.m in Sources */,
				CD308C1B144E6F3E000A44C8 /* MPViewController.m in Sources */,
				CD308C43144E72B1000A44C8 /* BorrowerSingleViewController.m in Sources */,
				CD308C6E144E7C47000A44C8 /* InvestmentTableViewController.m in Sources */,
				31C3FBE3145E3CAC00688CE7 /* Grabber.m in Sources */,
				CDC3D6B11460748E00360097 /* Sender.m in Sources */,
				CDE418351460E14C00FD1B8D /* Badge.m in Sources */,
				CDE41966146100AA00FD1B8D /* CollageViewController.m in Sources */,
				CDB3E17A14635E010047108F /* CustomNavBar.m in Sources */,
				CDF6DC0C1467721600A9030D /* MPCategoryPage.m in Sources */,
				CDDEA2B7146887DD00A387B1 /* Transaction.m in Sources */,
				CDDEA33A1469FBE200A387B1 /* LeaderboardViewController.m in Sources */,
				CDBE97471472114800A4D8DB /* SingleBadgeViewController.m in Sources */,
				CDBCCFE6147349E40028EE9A /* DecisionViewController.m in Sources */,
				CD2E134614736E5B000A83FE /* PatchButton.m in Sources */,
				CDBE13D51475BF5200F12B3C /* MyBadgesTableViewController.m in Sources */,
				0AB115B21599ED4B002AC7E6 /* NSString+InflectionSupport.m in Sources */,
				0AB115B61599ED4B002AC7E6 /* ObjectiveResourceDateFormatter.m in Sources */,
				0AB115B71599ED4B002AC7E6 /* NSDate+Serialize.m in Sources */,
				0AB115B81599ED4B002AC7E6 /* NSDictionary+KeyTranslation.m in Sources */,
				0AB115B91599ED4B002AC7E6 /* NSObject+Serialize.m in Sources */,
				0AB115BA1599ED4B002AC7E6 /* NSString+Serialize.m in Sources */,
				0AC3240A159C34DA003E2B35 /* LoginGrabber.m in Sources */,
				0AA5C382159DD077001318BA /* GrabberTwo.m in Sources */,
				0A74CF7615A3479B00E9E20B /* PayButtonViewController.m in Sources */,
				0A74CF7715A3479B00E9E20B /* SuccessViewController.m in Sources */,
				0A2C774A15A6F40A00C91904 /* RecordTransactions.m in Sources */,
				0A2B632315BE87C5009FACFD /* Logout.m in Sources */,
				3107B7B01617621900F61B50 /* KeychainItemWrapper.m in Sources */,
				3107B8031617809B00F61B50 /* GameViewController.m in Sources */,
				31CB22A516179B8A005C97D5 /* Citadel.m in Sources */,
				31CB22A81617A102005C97D5 /* Floor.m in Sources */,
				31CB22B9161B883D005C97D5 /* FloorViewController.m in Sources */,
				31CB22BE161BCF8C005C97D5 /* SingleFloor.m in Sources */,
				3191F7CF161E864F005EEF4A /* Furniture.m in Sources */,
			);
			runOnlyForDeploymentPostprocessing = 0;
		};
/* End PBXSourcesBuildPhase section */

/* Begin XCBuildConfiguration section */
		1D6058940D05DD3E006BFB54 /* Debug */ = {
			isa = XCBuildConfiguration;
			buildSettings = {
				ALWAYS_SEARCH_USER_PATHS = NO;
				CODE_SIGN_IDENTITY = "iPhone Distribution: LEONARD NG'ENO";
				"CODE_SIGN_IDENTITY[sdk=iphoneos*]" = "iPhone Distribution: LEONARD NG'ENO";
				"CODE_SIGN_IDENTITY[sdk=iphoneos5.1]" = "iPhone Distribution: LEONARD NG'ENO";
				COPY_PHASE_STRIP = NO;
				GCC_DYNAMIC_NO_PIC = NO;
				GCC_OPTIMIZATION_LEVEL = 0;
				GCC_PRECOMPILE_PREFIX_HEADER = YES;
				GCC_PREFIX_HEADER = Microlending_Prefix.pch;
				INFOPLIST_FILE = "Microlending-Info.plist";
				IPHONEOS_DEPLOYMENT_TARGET = 5.1;
				LIBRARY_SEARCH_PATHS = (
					"$(inherited)",
					"\"$(SRCROOT)\"",
				);
				PRODUCT_NAME = Microlending;
				PROVISIONING_PROFILE = "";
				"PROVISIONING_PROFILE[sdk=iphoneos*]" = "";
				"PROVISIONING_PROFILE[sdk=iphoneos5.1]" = "";
				TARGETED_DEVICE_FAMILY = 1;
			};
			name = Debug;
		};
		1D6058950D05DD3E006BFB54 /* Release */ = {
			isa = XCBuildConfiguration;
			buildSettings = {
				ALWAYS_SEARCH_USER_PATHS = NO;
				CODE_SIGN_IDENTITY = "iPhone Distribution: LEONARD NG'ENO";
				"CODE_SIGN_IDENTITY[sdk=iphoneos*]" = "iPhone Distribution: LEONARD NG'ENO";
				COPY_PHASE_STRIP = YES;
				GCC_PRECOMPILE_PREFIX_HEADER = YES;
				GCC_PREFIX_HEADER = Microlending_Prefix.pch;
				INFOPLIST_FILE = "Microlending-Info.plist";
				IPHONEOS_DEPLOYMENT_TARGET = 5.1;
				LIBRARY_SEARCH_PATHS = (
					"$(inherited)",
					"\"$(SRCROOT)\"",
				);
				PRODUCT_NAME = Microlending;
				PROVISIONING_PROFILE = "";
				"PROVISIONING_PROFILE[sdk=iphoneos*]" = "";
				TARGETED_DEVICE_FAMILY = 1;
				VALIDATE_PRODUCT = YES;
			};
			name = Release;
		};
		C01FCF4F08A954540054247B /* Debug */ = {
			isa = XCBuildConfiguration;
			buildSettings = {
				ARCHS = "$(ARCHS_STANDARD_32_BIT)";
				CODE_SIGN_IDENTITY = "iPhone Developer";
				"CODE_SIGN_IDENTITY[sdk=iphoneos*]" = "iPhone Developer";
				GCC_C_LANGUAGE_STANDARD = c99;
				GCC_WARN_ABOUT_RETURN_TYPE = YES;
				GCC_WARN_UNUSED_VARIABLE = YES;
				PROVISIONING_PROFILE = "";
				"PROVISIONING_PROFILE[sdk=iphoneos*]" = "";
				SDKROOT = iphoneos;
			};
			name = Debug;
		};
		C01FCF5008A954540054247B /* Release */ = {
			isa = XCBuildConfiguration;
			buildSettings = {
				ARCHS = "$(ARCHS_STANDARD_32_BIT)";
				CODE_SIGN_IDENTITY = "iPhone Developer";
				"CODE_SIGN_IDENTITY[sdk=iphoneos*]" = "iPhone Developer";
				GCC_C_LANGUAGE_STANDARD = c99;
				GCC_WARN_ABOUT_RETURN_TYPE = YES;
				GCC_WARN_UNUSED_VARIABLE = YES;
				OTHER_CFLAGS = "-DNS_BLOCK_ASSERTIONS=1";
				PROVISIONING_PROFILE = "";
				"PROVISIONING_PROFILE[sdk=iphoneos*]" = "";
				SDKROOT = iphoneos;
			};
			name = Release;
		};
/* End XCBuildConfiguration section */

/* Begin XCConfigurationList section */
		1D6058960D05DD3E006BFB54 /* Build configuration list for PBXNativeTarget "Microlending" */ = {
			isa = XCConfigurationList;
			buildConfigurations = (
				1D6058940D05DD3E006BFB54 /* Debug */,
				1D6058950D05DD3E006BFB54 /* Release */,
			);
			defaultConfigurationIsVisible = 0;
			defaultConfigurationName = Release;
		};
		C01FCF4E08A954540054247B /* Build configuration list for PBXProject "Microlending" */ = {
			isa = XCConfigurationList;
			buildConfigurations = (
				C01FCF4F08A954540054247B /* Debug */,
				C01FCF5008A954540054247B /* Release */,
			);
			defaultConfigurationIsVisible = 0;
			defaultConfigurationName = Release;
		};
/* End XCConfigurationList section */
	};
	rootObject = 29B97313FDCFA39411CA2CEA /* Project object */;
}
